PODS:
  - CATCommonKit (0.2.2):
    - MBProgressHUD (~> 1.2.0)
  - CATTextKit (0.1.8):
    - CATCommonKit (~> 0.2.0)
  - FBSnapshotTestCase (2.1.4):
    - FBSnapshotTestCase/SwiftSupport (= 2.1.4)
  - FBSnapshotTestCase/Core (2.1.4)
  - FBSnapshotTestCase/SwiftSupport (2.1.4):
    - FBSnapshotTestCase/Core
  - MBProgressHUD (1.2.0)

DEPENDENCIES:
  - CATCommonKit (~> 0.2.0)
  - CATTextKit (from `../`)
  - FBSnapshotTestCase

SPEC REPOS:
  https://github.com/CocoaPods/Specs.git:
    - FBSnapshotTestCase
    - MBProgressHUD
  https://github.com/Huaixing/CATMasterRepos.git:
    - CATCommonKit

EXTERNAL SOURCES:
  CATTextKit:
    :path: "../"

SPEC CHECKSUMS:
  CATCommonKit: d803ae59d5d6bb74b8aff572a51f2b1bdfec187f
  CATTextKit: 8d07bc6bc6996679377a6a263002d01c3fc84c2d
  FBSnapshotTestCase: 094f9f314decbabe373b87cc339bea235a63e07a
  MBProgressHUD: 3ee5efcc380f6a79a7cc9b363dd669c5e1ae7406

PODFILE CHECKSUM: bf281f07dc4d61e5e42a87ff9cb0e29010fd3050

COCOAPODS: 1.9.3
