PODS:
  - CATCommonKit (0.1.5)
  - CATTextKit (0.1.7):
    - CATCommonKit (~> 0.1.5)
  - FBSnapshotTestCase (2.1.4):
    - FBSnapshotTestCase/SwiftSupport (= 2.1.4)
  - FBSnapshotTestCase/Core (2.1.4)
  - FBSnapshotTestCase/SwiftSupport (2.1.4):
    - FBSnapshotTestCase/Core

DEPENDENCIES:
  - CATCommonKit (~> 0.1.5)
  - CATTextKit (from `../`)
  - FBSnapshotTestCase

SPEC REPOS:
  https://github.com/Huaixing/CATMasterRepos.git:
    - CATCommonKit
  trunk:
    - FBSnapshotTestCase

EXTERNAL SOURCES:
  CATTextKit:
    :path: "../"

SPEC CHECKSUMS:
  CATCommonKit: bf996cc1c00054a3de19693cf8bca26c6d23ff3d
  CATTextKit: 952b6cd88b554afac88bdd1a2eff8006769f4be0
  FBSnapshotTestCase: 094f9f314decbabe373b87cc339bea235a63e07a

PODFILE CHECKSUM: 4f0c910aca65a3f6723fe00e2c4a9205d58793b0

COCOAPODS: 1.9.3
